<?xml version="1.0" encoding="utf-8"?>
<Project ToolsVersion="4.0" xmlns="http://schemas.microsoft.com/developer/msbuild/2003">
  <ItemGroup>
    <Filter Include="Source Files">
      <UniqueIdentifier>{4FC737F1-C7A5-4376-A066-2A32D752A2FF}</UniqueIdentifier>
      <Extensions>cpp;c;cc;cxx;c++;def;odl;idl;hpj;bat;asm;asmx</Extensions>
    </Filter>
    <Filter Include="Source Files\Applications">
      <UniqueIdentifier>{4776a60c-7bbb-4b41-80fb-767cf6aa4584}</UniqueIdentifier>
    </Filter>
    <Filter Include="Source Files\Modules">
      <UniqueIdentifier>{c7645112-16d6-465d-b8e5-7fd77c71388f}</UniqueIdentifier>
    </Filter>
    <Filter Include="Source Files\Modules\Core">
      <UniqueIdentifier>{c2fb74f7-6da9-4299-a28f-e14fc6746e27}</UniqueIdentifier>
    </Filter>
    <Filter Include="Source Files\Utils">
      <UniqueIdentifier>{01cda281-3304-42b3-a4fe-f42a2a2449a8}</UniqueIdentifier>
    </Filter>
    <Filter Include="Source Files\Modules\Gameplay">
      <UniqueIdentifier>{47fb0870-732e-4dc6-ab62-ef1a21dad8f4}</UniqueIdentifier>
    </Filter>
    <Filter Include="Source Files\Entities">
      <UniqueIdentifier>{191a7084-d3f0-45ca-8d49-328c726e3843}</UniqueIdentifier>
    </Filter>
    <Filter Include="Source Files\Entities\Enemies">
      <UniqueIdentifier>{16d58855-2728-46b0-a9cd-988af41728f1}</UniqueIdentifier>
    </Filter>
  </ItemGroup>
  <ItemGroup>
    <ClCompile Include="Main.cpp">
      <Filter>Source Files\Applications</Filter>
    </ClCompile>
    <ClCompile Include="Application.cpp">
      <Filter>Source Files\Applications</Filter>
    </ClCompile>
    <ClCompile Include="ModuleRender.cpp">
      <Filter>Source Files\Modules\Core</Filter>
    </ClCompile>
    <ClCompile Include="ModuleWindow.cpp">
      <Filter>Source Files\Modules\Core</Filter>
    </ClCompile>
    <ClCompile Include="Globals.cpp">
      <Filter>Source Files\Applications</Filter>
    </ClCompile>
    <ClCompile Include="ModuleInput.cpp">
      <Filter>Source Files\Modules\Core</Filter>
    </ClCompile>
    <ClCompile Include="ModuleTextures.cpp">
      <Filter>Source Files\Modules\Core</Filter>
    </ClCompile>
    <ClCompile Include="ModulePlayer.cpp">
      <Filter>Source Files\Modules\Gameplay</Filter>
    </ClCompile>
    <ClCompile Include="SceneLevel4.cpp">
      <Filter>Source Files\Modules\Gameplay</Filter>
    </ClCompile>
    <ClCompile Include="Module.cpp">
      <Filter>Source Files\Modules</Filter>
    </ClCompile>
    <ClCompile Include="Particle.cpp">
      <Filter>Source Files\Entities</Filter>
    </ClCompile>
    <ClCompile Include="ModuleParticles.cpp">
      <Filter>Source Files\Modules\Core</Filter>
    </ClCompile>
    <ClCompile Include="Collider.cpp">
      <Filter>Source Files\Utils</Filter>
    </ClCompile>
    <ClCompile Include="ModuleCollisions.cpp">
      <Filter>Source Files\Modules\Core</Filter>
    </ClCompile>
    <ClCompile Include="ModuleAudio.cpp">
      <Filter>Source Files\Modules\Core</Filter>
    </ClCompile>
    <ClCompile Include="Path.cpp">
      <Filter>Source Files\Utils</Filter>
    </ClCompile>
    <ClCompile Include="Enemy.cpp">
      <Filter>Source Files\Entities\Enemies</Filter>
    </ClCompile>
    <ClCompile Include="ModuleEnemies.cpp">
      <Filter>Source Files\Modules\Gameplay</Filter>
    </ClCompile>
    <ClCompile Include="ModuleFadeToBlack.cpp">
      <Filter>Source Files\Modules\Core</Filter>
    </ClCompile>
    <ClCompile Include="SceneIntro.cpp">
      <Filter>Source Files\Modules\Gameplay</Filter>
    </ClCompile>
    <ClCompile Include="ModuleFonts.cpp">
      <Filter>Source Files\Modules\Core</Filter>
    </ClCompile>
    <ClCompile Include="ModuleDebugInfo.cpp">
      <Filter>Source Files\Modules\Core</Filter>
    </ClCompile>
    <ClCompile Include="SceneLevel1.cpp">
      <Filter>Source Files\Modules\Gameplay</Filter>
    </ClCompile>
    <ClCompile Include="Enemy_DonkeyKong.cpp">
      <Filter>Source Files\Entities\Enemies</Filter>
    </ClCompile>
    <ClCompile Include="SceneLevel2.cpp">
      <Filter>Source Files\Modules\Gameplay</Filter>
    </ClCompile>
    <ClCompile Include="SceneVictory.cpp">
      <Filter>Source Files\Modules\Gameplay</Filter>
    </ClCompile>
    <ClCompile Include="Enemy_Barrel.cpp">
      <Filter>Source Files\Entities\Enemies</Filter>
    </ClCompile>
    <ClCompile Include="Enemy_BlueBarrel.cpp">
      <Filter>Source Files\Entities\Enemies</Filter>
    </ClCompile>
    <ClCompile Include="Enemy_Fire.cpp">
      <Filter>Source Files\Entities\Enemies</Filter>
    </ClCompile>
    <ClCompile Include="Enemy_Cement.cpp">
      <Filter>Source Files\Entities\Enemies</Filter>
    </ClCompile>
  </ItemGroup>
  <ItemGroup>
    <ClInclude Include="MemLeaks.h">
      <Filter>Source Files\Applications</Filter>
    </ClInclude>
    <ClInclude Include="Globals.h">
      <Filter>Source Files\Applications</Filter>
    </ClInclude>
    <ClInclude Include="Application.h">
      <Filter>Source Files\Applications</Filter>
    </ClInclude>
    <ClInclude Include="ModuleRender.h">
      <Filter>Source Files\Modules\Core</Filter>
    </ClInclude>
    <ClInclude Include="ModuleWindow.h">
      <Filter>Source Files\Modules\Core</Filter>
    </ClInclude>
    <ClInclude Include="ModuleInput.h">
      <Filter>Source Files\Modules\Core</Filter>
    </ClInclude>
    <ClInclude Include="ModuleTextures.h">
      <Filter>Source Files\Modules\Core</Filter>
    </ClInclude>
    <ClInclude Include="Animation.h">
      <Filter>Source Files\Utils</Filter>
    </ClInclude>
    <ClInclude Include="p2Point.h">
      <Filter>Source Files\Utils</Filter>
    </ClInclude>
    <ClInclude Include="ModulePlayer.h">
      <Filter>Source Files\Modules\Gameplay</Filter>
    </ClInclude>
    <ClInclude Include="SceneLevel4.h">
      <Filter>Source Files\Modules\Gameplay</Filter>
    </ClInclude>
    <ClInclude Include="Module.h">
      <Filter>Source Files\Modules</Filter>
    </ClInclude>
    <ClInclude Include="Particle.h">
      <Filter>Source Files\Entities</Filter>
    </ClInclude>
    <ClInclude Include="ModuleParticles.h">
      <Filter>Source Files\Modules\Core</Filter>
    </ClInclude>
    <ClInclude Include="Collider.h">
      <Filter>Source Files\Utils</Filter>
    </ClInclude>
    <ClInclude Include="ModuleCollisions.h">
      <Filter>Source Files\Modules\Core</Filter>
    </ClInclude>
    <ClInclude Include="ModuleAudio.h">
      <Filter>Source Files\Modules\Core</Filter>
    </ClInclude>
    <ClInclude Include="Path.h">
      <Filter>Source Files\Utils</Filter>
    </ClInclude>
    <ClInclude Include="Enemy.h">
      <Filter>Source Files\Entities\Enemies</Filter>
    </ClInclude>
    <ClInclude Include="ModuleEnemies.h">
      <Filter>Source Files\Modules\Gameplay</Filter>
    </ClInclude>
    <ClInclude Include="ModuleFadeToBlack.h">
      <Filter>Source Files\Modules\Core</Filter>
    </ClInclude>
    <ClInclude Include="SceneIntro.h">
      <Filter>Source Files\Modules\Gameplay</Filter>
    </ClInclude>
    <ClInclude Include="ModuleFonts.h">
      <Filter>Source Files\Modules\Core</Filter>
    </ClInclude>
    <ClInclude Include="ModuleDebugInfo.h">
      <Filter>Source Files\Modules\Core</Filter>
    </ClInclude>
    <ClInclude Include="SceneLevel1.h">
      <Filter>Source Files\Modules\Gameplay</Filter>
    </ClInclude>
    <ClInclude Include="Enemy_DonkeyKong.h">
      <Filter>Source Files\Entities\Enemies</Filter>
    </ClInclude>
    <ClInclude Include="SceneLevel2.h">
      <Filter>Source Files\Modules\Gameplay</Filter>
    </ClInclude>
    <ClInclude Include="SceneVictory.h">
      <Filter>Source Files\Modules\Gameplay</Filter>
    </ClInclude>
    <ClInclude Include="Enemy_Barrel.h">
      <Filter>Source Files\Entities\Enemies</Filter>
    </ClInclude>
    <ClInclude Include="Enemy_BlueBarrel.h">
      <Filter>Source Files\Entities\Enemies</Filter>
    </ClInclude>
    <ClInclude Include="Enemy_Fire.h">
      <Filter>Source Files\Entities\Enemies</Filter>
    </ClInclude>
    <ClInclude Include="Enemy_Cement.h">
      <Filter>Source Files\Entities\Enemies</Filter>
    </ClInclude>
  </ItemGroup>
</Project>